
Microsoft Visual Studio Solution File, Format Version 12.00
# Visual Studio 15
VisualStudioVersion = 15.0.28307.1209
MinimumVisualStudioVersion = 10.0.40219.1
Project("{8BC9CEB8-8B4A-11D0-8D11-00A0C91BC942}") = "CH6_lab3", "CH6_lab3\CH6_lab3.vcxproj", "{AF666348-24DA-4DE9-ABC3-40B9CABAD775}"
EndProject
Global
	GlobalSection(SolutionConfigurationPlatforms) = preSolution
		Debug|x64 = Debug|x64
		Debug|x86 = Debug|x86
		Release|x64 = Release|x64
		Release|x86 = Release|x86
	EndGlobalSection
	GlobalSection(ProjectConfigurationPlatforms) = postSolution
		{AF666348-24DA-4DE9-ABC3-40B9CABAD775}.Debug|x64.ActiveCfg = Debug|x64
		{AF666348-24DA-4DE9-ABC3-40B9CABAD775}.Debug|x64.Build.0 = Debug|x64
		{AF666348-24DA-4DE9-ABC3-40B9CABAD775}.Debug|x86.ActiveCfg = Debug|Win32
		{AF666348-24DA-4DE9-ABC3-40B9CABAD775}.Debug|x86.Build.0 = Debug|Win32
		{AF666348-24DA-4DE9-ABC3-40B9CABAD775}.Release|x64.ActiveCfg = Release|x64
		{AF666348-24DA-4DE9-ABC3-40B9CABAD775}.Release|x64.Build.0 = Release|x64
		{AF666348-24DA-4DE9-ABC3-40B9CABAD775}.Release|x86.ActiveCfg = Release|Win32
		{AF666348-24DA-4DE9-ABC3-40B9CABAD775}.Release|x86.Build.0 = Release|Win32
	EndGlobalSection
	GlobalSection(SolutionProperties) = preSolution
		HideSolutionNode = FALSE
	EndGlobalSection
	GlobalSection(ExtensibilityGlobals) = postSolution
		SolutionGuid = {E27CA861-EE51-4306-AE2A-7E0A7772C33F}
	EndGlobalSection
EndGlobal
